
Microsoft Visual Studio Solution File, Format Version 12.00
# Visual Studio Version 17
VisualStudioVersion = 17.13.35825.156 d17.13
MinimumVisualStudioVersion = 10.0.40219.1
Project("{FAE04EC0-301F-11D3-BF4B-00C04F79EFBC}") = "Chenil.DAL", "Chenil.DAL\Chenil.DAL.csproj", "{33EB2F98-F180-4AFF-B28C-21215CABFD11}"
EndProject
Project("{FAE04EC0-301F-11D3-BF4B-00C04F79EFBC}") = "Chenil.API", "Chenil.API\Chenil.API.csproj", "{547A8559-F63A-40B4-9BBE-CA5E5E49253C}"
EndProject
Project("{FAE04EC0-301F-11D3-BF4B-00C04F79EFBC}") = "Chenil.BLL", "Chenil.BLL\Chenil.BLL.csproj", "{F09B820C-4A03-41E9-AB05-CF0FA986D33B}"
EndProject
Global
	GlobalSection(SolutionConfigurationPlatforms) = preSolution
		Debug|Any CPU = Debug|Any CPU
		Release|Any CPU = Release|Any CPU
	EndGlobalSection
	GlobalSection(ProjectConfigurationPlatforms) = postSolution
		{33EB2F98-F180-4AFF-B28C-21215CABFD11}.Debug|Any CPU.ActiveCfg = Debug|Any CPU
		{33EB2F98-F180-4AFF-B28C-21215CABFD11}.Debug|Any CPU.Build.0 = Debug|Any CPU
		{33EB2F98-F180-4AFF-B28C-21215CABFD11}.Release|Any CPU.ActiveCfg = Release|Any CPU
		{33EB2F98-F180-4AFF-B28C-21215CABFD11}.Release|Any CPU.Build.0 = Release|Any CPU
		{547A8559-F63A-40B4-9BBE-CA5E5E49253C}.Debug|Any CPU.ActiveCfg = Debug|Any CPU
		{547A8559-F63A-40B4-9BBE-CA5E5E49253C}.Debug|Any CPU.Build.0 = Debug|Any CPU
		{547A8559-F63A-40B4-9BBE-CA5E5E49253C}.Release|Any CPU.ActiveCfg = Release|Any CPU
		{547A8559-F63A-40B4-9BBE-CA5E5E49253C}.Release|Any CPU.Build.0 = Release|Any CPU
		{F09B820C-4A03-41E9-AB05-CF0FA986D33B}.Debug|Any CPU.ActiveCfg = Debug|Any CPU
		{F09B820C-4A03-41E9-AB05-CF0FA986D33B}.Debug|Any CPU.Build.0 = Debug|Any CPU
		{F09B820C-4A03-41E9-AB05-CF0FA986D33B}.Release|Any CPU.ActiveCfg = Release|Any CPU
		{F09B820C-4A03-41E9-AB05-CF0FA986D33B}.Release|Any CPU.Build.0 = Release|Any CPU
	EndGlobalSection
	GlobalSection(SolutionProperties) = preSolution
		HideSolutionNode = FALSE
	EndGlobalSection
	GlobalSection(ExtensibilityGlobals) = postSolution
		SolutionGuid = {52FED416-2565-4EC7-840E-81E1109580D7}
	EndGlobalSection
EndGlobal
